{
    "name": "1111",
    "version": "1.0.0",
    "lockfileVersion": 1,
    "requires": true,
    "dependencies": {
        "@chishengqi/test": {
            "version": "1.0.0",
            "resolved": "https://registry.npmjs.org/@chishengqi/test/-/test-1.0.0.tgz",
            "integrity": "sha512-iBv9WbTIJWxqFKILvtowH32IrBHz7oH664+5O24t7p48be8q2LaFsysnwmePXGpdagBoRddi7i+2b7DSBJHdDA==",
            "dev": true
        },
        "jquery": {
            "version": "3.6.0",
            "resolved": "https://registry.npmjs.org/jquery/-/jquery-3.6.0.tgz",
            "integrity": "sha512-JVzAR/AjBvVt2BmYhxRCSYysDsPcssdmTFnzyLEts9qNwmjmu4JTAMYubEfwVOSwpQ1I1sKKFcxhZCI2buerfw==",
            "dev": true
        }
    }
}
